// !$*UTF8*$!
{
	archiveVersion = 1;
	classes = {
	};
	objectVersion = 51;
	objects = {

/* Begin PBXBuildFile section */
		BE85BD6598F00A97B33942EA /* Pods_iInspectionUITests.framework in Frameworks */ = {isa = PBXBuildFile; fileRef = F2874D5DB78BDCABBCB25F29 /* Pods_iInspectionUITests.framework */; };
		CBDD0C1FF25E06A83FA454A5 /* Pods_iInspectionTests.framework in Frameworks */ = {isa = PBXBuildFile; fileRef = C7C8AE7E15BDBEEC68CDD04C /* Pods_iInspectionTests.framework */; };
		E3B1A993996B5866819D0350 /* Pods_iInspection.framework in Frameworks */ = {isa = PBXBuildFile; fileRef = 9A7289D77DB31FB19C55161C /* Pods_iInspection.framework */; };
		E427580322C70D0F00F78C11 /* Scanner.swift in Sources */ = {isa = PBXBuildFile; fileRef = E427580222C70D0F00F78C11 /* Scanner.swift */; };
		E427580522C71DB000F78C11 /* InspectViewController.swift in Sources */ = {isa = PBXBuildFile; fileRef = E427580422C71DB000F78C11 /* InspectViewController.swift */; };
		E45B99B922BD92380099DCF0 /* LoginController.swift in Sources */ = {isa = PBXBuildFile; fileRef = E45B99B822BD92380099DCF0 /* LoginController.swift */; };
		E45B99BB22BDC7840099DCF0 /* GoogleService-Info.plist in Resources */ = {isa = PBXBuildFile; fileRef = E45B99BA22BDC7840099DCF0 /* GoogleService-Info.plist */; };
		E4C3537722BFFEEB00734604 /* PasswordResetController.swift in Sources */ = {isa = PBXBuildFile; fileRef = E4C3537622BFFEEB00734604 /* PasswordResetController.swift */; };
		E4DEBC6922C6F08300CA4071 /* TabBarViewController.swift in Sources */ = {isa = PBXBuildFile; fileRef = E4DEBC6822C6F08300CA4071 /* TabBarViewController.swift */; };
		E4DEBC6B22C6F94A00CA4071 /* ScannerViewController.swift in Sources */ = {isa = PBXBuildFile; fileRef = E4DEBC6A22C6F94A00CA4071 /* ScannerViewController.swift */; };
		E4E838A022BD8DE7008E2415 /* AppDelegate.swift in Sources */ = {isa = PBXBuildFile; fileRef = E4E8389F22BD8DE7008E2415 /* AppDelegate.swift */; };
		E4E838A222BD8DE7008E2415 /* HomeController.swift in Sources */ = {isa = PBXBuildFile; fileRef = E4E838A122BD8DE7008E2415 /* HomeController.swift */; };
		E4E838A722BD8DE8008E2415 /* Assets.xcassets in Resources */ = {isa = PBXBuildFile; fileRef = E4E838A622BD8DE8008E2415 /* Assets.xcassets */; };
		E4E838B522BD8DE8008E2415 /* iInspectionTests.swift in Sources */ = {isa = PBXBuildFile; fileRef = E4E838B422BD8DE8008E2415 /* iInspectionTests.swift */; };
		E4E838C022BD8DE8008E2415 /* iInspectionUITests.swift in Sources */ = {isa = PBXBuildFile; fileRef = E4E838BF22BD8DE8008E2415 /* iInspectionUITests.swift */; };
/* End PBXBuildFile section */

/* Begin PBXContainerItemProxy section */
		E4E838B122BD8DE8008E2415 /* PBXContainerItemProxy */ = {
			isa = PBXContainerItemProxy;
			containerPortal = E4E8389422BD8DE7008E2415 /* Project object */;
			proxyType = 1;
			remoteGlobalIDString = E4E8389B22BD8DE7008E2415;
			remoteInfo = iInspection;
		};
		E4E838BC22BD8DE8008E2415 /* PBXContainerItemProxy */ = {
			isa = PBXContainerItemProxy;
			containerPortal = E4E8389422BD8DE7008E2415 /* Project object */;
			proxyType = 1;
			remoteGlobalIDString = E4E8389B22BD8DE7008E2415;
			remoteInfo = iInspection;
		};
/* End PBXContainerItemProxy section */

/* Begin PBXFileReference section */
		00670FA87C337DC147ED49DA /* Pods-iInspectionUITests.debug.xcconfig */ = {isa = PBXFileReference; includeInIndex = 1; lastKnownFileType = text.xcconfig; name = "Pods-iInspectionUITests.debug.xcconfig"; path = "Target Support Files/Pods-iInspectionUITests/Pods-iInspectionUITests.debug.xcconfig"; sourceTree = "<group>"; };
		03BAC1900ED9A8C2A030450C /* Pods-iInspection.release.xcconfig */ = {isa = PBXFileReference; includeInIndex = 1; lastKnownFileType = text.xcconfig; name = "Pods-iInspection.release.xcconfig"; path = "Target Support Files/Pods-iInspection/Pods-iInspection.release.xcconfig"; sourceTree = "<group>"; };
		158C1B014F0270E1D3766492 /* Pods-iInspectionTests.release.xcconfig */ = {isa = PBXFileReference; includeInIndex = 1; lastKnownFileType = text.xcconfig; name = "Pods-iInspectionTests.release.xcconfig"; path = "Target Support Files/Pods-iInspectionTests/Pods-iInspectionTests.release.xcconfig"; sourceTree = "<group>"; };
		1EB6DB0FE2287E774C3DFC98 /* Pods-iInspectionTests.debug.xcconfig */ = {isa = PBXFileReference; includeInIndex = 1; lastKnownFileType = text.xcconfig; name = "Pods-iInspectionTests.debug.xcconfig"; path = "Target Support Files/Pods-iInspectionTests/Pods-iInspectionTests.debug.xcconfig"; sourceTree = "<group>"; };
		5908777C3878E4D0D1A8EA52 /* Pods-iInspectionUITests.release.xcconfig */ = {isa = PBXFileReference; includeInIndex = 1; lastKnownFileType = text.xcconfig; name = "Pods-iInspectionUITests.release.xcconfig"; path = "Target Support Files/Pods-iInspectionUITests/Pods-iInspectionUITests.release.xcconfig"; sourceTree = "<group>"; };
		84AF71818481DC12A96EDB55 /* Pods-iInspection.debug.xcconfig */ = {isa = PBXFileReference; includeInIndex = 1; lastKnownFileType = text.xcconfig; name = "Pods-iInspection.debug.xcconfig"; path = "Target Support Files/Pods-iInspection/Pods-iInspection.debug.xcconfig"; sourceTree = "<group>"; };
		9A7289D77DB31FB19C55161C /* Pods_iInspection.framework */ = {isa = PBXFileReference; explicitFileType = wrapper.framework; includeInIndex = 0; path = Pods_iInspection.framework; sourceTree = BUILT_PRODUCTS_DIR; };
		C7C8AE7E15BDBEEC68CDD04C /* Pods_iInspectionTests.framework */ = {isa = PBXFileReference; explicitFileType = wrapper.framework; includeInIndex = 0; path = Pods_iInspectionTests.framework; sourceTree = BUILT_PRODUCTS_DIR; };
		E427580222C70D0F00F78C11 /* Scanner.swift */ = {isa = PBXFileReference; lastKnownFileType = sourcecode.swift; path = Scanner.swift; sourceTree = "<group>"; };
		E427580422C71DB000F78C11 /* InspectViewController.swift */ = {isa = PBXFileReference; lastKnownFileType = sourcecode.swift; path = InspectViewController.swift; sourceTree = "<group>"; };
		E45B99B822BD92380099DCF0 /* LoginController.swift */ = {isa = PBXFileReference; lastKnownFileType = sourcecode.swift; path = LoginController.swift; sourceTree = "<group>"; };
		E45B99BA22BDC7840099DCF0 /* GoogleService-Info.plist */ = {isa = PBXFileReference; fileEncoding = 4; lastKnownFileType = text.plist.xml; name = "GoogleService-Info.plist"; path = "../../../../Downloads/GoogleService-Info.plist"; sourceTree = "<group>"; };
		E4C3537622BFFEEB00734604 /* PasswordResetController.swift */ = {isa = PBXFileReference; lastKnownFileType = sourcecode.swift; path = PasswordResetController.swift; sourceTree = "<group>"; };
		E4DEBC6822C6F08300CA4071 /* TabBarViewController.swift */ = {isa = PBXFileReference; lastKnownFileType = sourcecode.swift; path = TabBarViewController.swift; sourceTree = "<group>"; };
		E4DEBC6A22C6F94A00CA4071 /* ScannerViewController.swift */ = {isa = PBXFileReference; lastKnownFileType = sourcecode.swift; path = ScannerViewController.swift; sourceTree = "<group>"; };
		E4E8389C22BD8DE7008E2415 /* iInspection.app */ = {isa = PBXFileReference; explicitFileType = wrapper.application; includeInIndex = 0; path = iInspection.app; sourceTree = BUILT_PRODUCTS_DIR; };
		E4E8389F22BD8DE7008E2415 /* AppDelegate.swift */ = {isa = PBXFileReference; lastKnownFileType = sourcecode.swift; path = AppDelegate.swift; sourceTree = "<group>"; };
		E4E838A122BD8DE7008E2415 /* HomeController.swift */ = {isa = PBXFileReference; lastKnownFileType = sourcecode.swift; path = HomeController.swift; sourceTree = "<group>"; };
		E4E838A622BD8DE8008E2415 /* Assets.xcassets */ = {isa = PBXFileReference; lastKnownFileType = folder.assetcatalog; path = Assets.xcassets; sourceTree = "<group>"; };
		E4E838AB22BD8DE8008E2415 /* Info.plist */ = {isa = PBXFileReference; lastKnownFileType = text.plist.xml; path = Info.plist; sourceTree = "<group>"; };
		E4E838B022BD8DE8008E2415 /* iInspectionTests.xctest */ = {isa = PBXFileReference; explicitFileType = wrapper.cfbundle; includeInIndex = 0; path = iInspectionTests.xctest; sourceTree = BUILT_PRODUCTS_DIR; };
		E4E838B422BD8DE8008E2415 /* iInspectionTests.swift */ = {isa = PBXFileReference; lastKnownFileType = sourcecode.swift; path = iInspectionTests.swift; sourceTree = "<group>"; };
		E4E838B622BD8DE8008E2415 /* Info.plist */ = {isa = PBXFileReference; lastKnownFileType = text.plist.xml; path = Info.plist; sourceTree = "<group>"; };
		E4E838BB22BD8DE8008E2415 /* iInspectionUITests.xctest */ = {isa = PBXFileReference; explicitFileType = wrapper.cfbundle; includeInIndex = 0; path = iInspectionUITests.xctest; sourceTree = BUILT_PRODUCTS_DIR; };
		E4E838BF22BD8DE8008E2415 /* iInspectionUITests.swift */ = {isa = PBXFileReference; lastKnownFileType = sourcecode.swift; path = iInspectionUITests.swift; sourceTree = "<group>"; };
		E4E838C122BD8DE8008E2415 /* Info.plist */ = {isa = PBXFileReference; lastKnownFileType = text.plist.xml; path = Info.plist; sourceTree = "<group>"; };
		F2874D5DB78BDCABBCB25F29 /* Pods_iInspectionUITests.framework */ = {isa = PBXFileReference; explicitFileType = wrapper.framework; includeInIndex = 0; path = Pods_iInspectionUITests.framework; sourceTree = BUILT_PRODUCTS_DIR; };
/* End PBXFileReference section */

/* Begin PBXFrameworksBuildPhase section */
		E4E8389922BD8DE7008E2415 /* Frameworks */ = {
			isa = PBXFrameworksBuildPhase;
			buildActionMask = 2147483647;
			files = (
				E3B1A993996B5866819D0350 /* Pods_iInspection.framework in Frameworks */,
			);
			runOnlyForDeploymentPostprocessing = 0;
		};
		E4E838AD22BD8DE8008E2415 /* Frameworks */ = {
			isa = PBXFrameworksBuildPhase;
			buildActionMask = 2147483647;
			files = (
				CBDD0C1FF25E06A83FA454A5 /* Pods_iInspectionTests.framework in Frameworks */,
			);
			runOnlyForDeploymentPostprocessing = 0;
		};
		E4E838B822BD8DE8008E2415 /* Frameworks */ = {
			isa = PBXFrameworksBuildPhase;
			buildActionMask = 2147483647;
			files = (
				BE85BD6598F00A97B33942EA /* Pods_iInspectionUITests.framework in Frameworks */,
			);
			runOnlyForDeploymentPostprocessing = 0;
		};
/* End PBXFrameworksBuildPhase section */

/* Begin PBXGroup section */
		17185CF69C14766FF966A5C4 /* Pods */ = {
			isa = PBXGroup;
			children = (
				84AF71818481DC12A96EDB55 /* Pods-iInspection.debug.xcconfig */,
				03BAC1900ED9A8C2A030450C /* Pods-iInspection.release.xcconfig */,
				1EB6DB0FE2287E774C3DFC98 /* Pods-iInspectionTests.debug.xcconfig */,
				158C1B014F0270E1D3766492 /* Pods-iInspectionTests.release.xcconfig */,
				00670FA87C337DC147ED49DA /* Pods-iInspectionUITests.debug.xcconfig */,
				5908777C3878E4D0D1A8EA52 /* Pods-iInspectionUITests.release.xcconfig */,
			);
			path = Pods;
			sourceTree = "<group>";
		};
		A085E2D44DCD1364730AF305 /* Frameworks */ = {
			isa = PBXGroup;
			children = (
				9A7289D77DB31FB19C55161C /* Pods_iInspection.framework */,
				C7C8AE7E15BDBEEC68CDD04C /* Pods_iInspectionTests.framework */,
				F2874D5DB78BDCABBCB25F29 /* Pods_iInspectionUITests.framework */,
			);
			name = Frameworks;
			sourceTree = "<group>";
		};
		E427580122C70CFB00F78C11 /* Model */ = {
			isa = PBXGroup;
			children = (
				E427580222C70D0F00F78C11 /* Scanner.swift */,
			);
			path = Model;
			sourceTree = "<group>";
		};
		E45B99B722BD8FD60099DCF0 /* Controllers */ = {
			isa = PBXGroup;
			children = (
				E4E838A122BD8DE7008E2415 /* HomeController.swift */,
				E45B99B822BD92380099DCF0 /* LoginController.swift */,
				E4C3537622BFFEEB00734604 /* PasswordResetController.swift */,
				E4DEBC6822C6F08300CA4071 /* TabBarViewController.swift */,
				E4DEBC6A22C6F94A00CA4071 /* ScannerViewController.swift */,
				E427580422C71DB000F78C11 /* InspectViewController.swift */,
			);
			path = Controllers;
			sourceTree = "<group>";
		};
		E4DEBC6722C6EFC200CA4071 /* Views */ = {
			isa = PBXGroup;
			children = (
			);
			path = Views;
			sourceTree = "<group>";
		};
		E4E8389322BD8DE7008E2415 = {
			isa = PBXGroup;
			children = (
				E4E8389E22BD8DE7008E2415 /* iInspection */,
				E4E838B322BD8DE8008E2415 /* iInspectionTests */,
				E4E838BE22BD8DE8008E2415 /* iInspectionUITests */,
				E4E8389D22BD8DE7008E2415 /* Products */,
				17185CF69C14766FF966A5C4 /* Pods */,
				A085E2D44DCD1364730AF305 /* Frameworks */,
			);
			sourceTree = "<group>";
		};
		E4E8389D22BD8DE7008E2415 /* Products */ = {
			isa = PBXGroup;
			children = (
				E4E8389C22BD8DE7008E2415 /* iInspection.app */,
				E4E838B022BD8DE8008E2415 /* iInspectionTests.xctest */,
				E4E838BB22BD8DE8008E2415 /* iInspectionUITests.xctest */,
			);
			name = Products;
			sourceTree = "<group>";
		};
		E4E8389E22BD8DE7008E2415 /* iInspection */ = {
			isa = PBXGroup;
			children = (
				E427580122C70CFB00F78C11 /* Model */,
				E4DEBC6722C6EFC200CA4071 /* Views */,
				E45B99B722BD8FD60099DCF0 /* Controllers */,
				E4E8389F22BD8DE7008E2415 /* AppDelegate.swift */,
				E4E838A622BD8DE8008E2415 /* Assets.xcassets */,
				E4E838AB22BD8DE8008E2415 /* Info.plist */,
				E45B99BA22BDC7840099DCF0 /* GoogleService-Info.plist */,
			);
			path = iInspection;
			sourceTree = "<group>";
		};
		E4E838B322BD8DE8008E2415 /* iInspectionTests */ = {
			isa = PBXGroup;
			children = (
				E4E838B422BD8DE8008E2415 /* iInspectionTests.swift */,
				E4E838B622BD8DE8008E2415 /* Info.plist */,
			);
			path = iInspectionTests;
			sourceTree = "<group>";
		};
		E4E838BE22BD8DE8008E2415 /* iInspectionUITests */ = {
			isa = PBXGroup;
			children = (
				E4E838BF22BD8DE8008E2415 /* iInspectionUITests.swift */,
				E4E838C122BD8DE8008E2415 /* Info.plist */,
			);
			path = iInspectionUITests;
			sourceTree = "<group>";
		};
/* End PBXGroup section */

/* Begin PBXNativeTarget section */
		E4E8389B22BD8DE7008E2415 /* iInspection */ = {
			isa = PBXNativeTarget;
			buildConfigurationList = E4E838C422BD8DE8008E2415 /* Build configuration list for PBXNativeTarget "iInspection" */;
			buildPhases = (
				DB26BEA06241EA4E2C55A7C8 /* [CP] Check Pods Manifest.lock */,
				E4E8389822BD8DE7008E2415 /* Sources */,
				E4E8389922BD8DE7008E2415 /* Frameworks */,
				E4E8389A22BD8DE7008E2415 /* Resources */,
				18BA1CA59C5E7C941454091B /* [CP] Embed Pods Frameworks */,
			);
			buildRules = (
			);
			dependencies = (
			);
			name = iInspection;
			productName = iInspection;
			productReference = E4E8389C22BD8DE7008E2415 /* iInspection.app */;
			productType = "com.apple.product-type.application";
		};
		E4E838AF22BD8DE8008E2415 /* iInspectionTests */ = {
			isa = PBXNativeTarget;
			buildConfigurationList = E4E838C722BD8DE8008E2415 /* Build configuration list for PBXNativeTarget "iInspectionTests" */;
			buildPhases = (
				D8E7AD6526A98496A41083F9 /* [CP] Check Pods Manifest.lock */,
				E4E838AC22BD8DE8008E2415 /* Sources */,
				E4E838AD22BD8DE8008E2415 /* Frameworks */,
				E4E838AE22BD8DE8008E2415 /* Resources */,
			);
			buildRules = (
			);
			dependencies = (
				E4E838B222BD8DE8008E2415 /* PBXTargetDependency */,
			);
			name = iInspectionTests;
			productName = iInspectionTests;
			productReference = E4E838B022BD8DE8008E2415 /* iInspectionTests.xctest */;
			productType = "com.apple.product-type.bundle.unit-test";
		};
		E4E838BA22BD8DE8008E2415 /* iInspectionUITests */ = {
			isa = PBXNativeTarget;
			buildConfigurationList = E4E838CA22BD8DE8008E2415 /* Build configuration list for PBXNativeTarget "iInspectionUITests" */;
			buildPhases = (
				F38B3F6A12169E842DDD5706 /* [CP] Check Pods Manifest.lock */,
				E4E838B722BD8DE8008E2415 /* Sources */,
				E4E838B822BD8DE8008E2415 /* Frameworks */,
				E4E838B922BD8DE8008E2415 /* Resources */,
			);
			buildRules = (
			);
			dependencies = (
				E4E838BD22BD8DE8008E2415 /* PBXTargetDependency */,
			);
			name = iInspectionUITests;
			productName = iInspectionUITests;
			productReference = E4E838BB22BD8DE8008E2415 /* iInspectionUITests.xctest */;
			productType = "com.apple.product-type.bundle.ui-testing";
		};
/* End PBXNativeTarget section */

/* Begin PBXProject section */
		E4E8389422BD8DE7008E2415 /* Project object */ = {
			isa = PBXProject;
			attributes = {
				LastSwiftUpdateCheck = 1020;
				LastUpgradeCheck = 1020;
				ORGANIZATIONNAME = "Cohen Plontke";
				TargetAttributes = {
					E4E8389B22BD8DE7008E2415 = {
						CreatedOnToolsVersion = 10.2.1;
					};
					E4E838AF22BD8DE8008E2415 = {
						CreatedOnToolsVersion = 10.2.1;
						TestTargetID = E4E8389B22BD8DE7008E2415;
					};
					E4E838BA22BD8DE8008E2415 = {
						CreatedOnToolsVersion = 10.2.1;
						TestTargetID = E4E8389B22BD8DE7008E2415;
					};
				};
			};
			buildConfigurationList = E4E8389722BD8DE7008E2415 /* Build configuration list for PBXProject "iInspection" */;
			compatibilityVersion = "Xcode 9.3";
			developmentRegion = en;
			hasScannedForEncodings = 0;
			knownRegions = (
				en,
				Base,
			);
			mainGroup = E4E8389322BD8DE7008E2415;
			productRefGroup = E4E8389D22BD8DE7008E2415 /* Products */;
			projectDirPath = "";
			projectRoot = "";
			targets = (
				E4E8389B22BD8DE7008E2415 /* iInspection */,
				E4E838AF22BD8DE8008E2415 /* iInspectionTests */,
				E4E838BA22BD8DE8008E2415 /* iInspectionUITests */,
			);
		};
/* End PBXProject section */

/* Begin PBXResourcesBuildPhase section */
		E4E8389A22BD8DE7008E2415 /* Resources */ = {
			isa = PBXResourcesBuildPhase;
			buildActionMask = 2147483647;
			files = (
				E45B99BB22BDC7840099DCF0 /* GoogleService-Info.plist in Resources */,
				E4E838A722BD8DE8008E2415 /* Assets.xcassets in Resources */,
			);
			runOnlyForDeploymentPostprocessing = 0;
		};
		E4E838AE22BD8DE8008E2415 /* Resources */ = {
			isa = PBXResourcesBuildPhase;
			buildActionMask = 2147483647;
			files = (
			);
			runOnlyForDeploymentPostprocessing = 0;
		};
		E4E838B922BD8DE8008E2415 /* Resources */ = {
			isa = PBXResourcesBuildPhase;
			buildActionMask = 2147483647;
			files = (
			);
			runOnlyForDeploymentPostprocessing = 0;
		};
/* End PBXResourcesBuildPhase section */

/* Begin PBXShellScriptBuildPhase section */
		18BA1CA59C5E7C941454091B /* [CP] Embed Pods Frameworks */ = {
			isa = PBXShellScriptBuildPhase;
			buildActionMask = 2147483647;
			files = (
			);
			inputFileListPaths = (
				"${PODS_ROOT}/Target Support Files/Pods-iInspection/Pods-iInspection-frameworks-${CONFIGURATION}-input-files.xcfilelist",
			);
			name = "[CP] Embed Pods Frameworks";
			outputFileListPaths = (
				"${PODS_ROOT}/Target Support Files/Pods-iInspection/Pods-iInspection-frameworks-${CONFIGURATION}-output-files.xcfilelist",
			);
			runOnlyForDeploymentPostprocessing = 0;
			shellPath = /bin/sh;
			shellScript = "\"${PODS_ROOT}/Target Support Files/Pods-iInspection/Pods-iInspection-frameworks.sh\"\n";
			showEnvVarsInLog = 0;
		};
		D8E7AD6526A98496A41083F9 /* [CP] Check Pods Manifest.lock */ = {
			isa = PBXShellScriptBuildPhase;
			buildActionMask = 2147483647;
			files = (
			);
			inputFileListPaths = (
			);
			inputPaths = (
				"${PODS_PODFILE_DIR_PATH}/Podfile.lock",
				"${PODS_ROOT}/Manifest.lock",
			);
			name = "[CP] Check Pods Manifest.lock";
			outputFileListPaths = (
			);
			outputPaths = (
				"$(DERIVED_FILE_DIR)/Pods-iInspectionTests-checkManifestLockResult.txt",
			);
			runOnlyForDeploymentPostprocessing = 0;
			shellPath = /bin/sh;
			shellScript = "diff \"${PODS_PODFILE_DIR_PATH}/Podfile.lock\" \"${PODS_ROOT}/Manifest.lock\" > /dev/null\nif [ $? != 0 ] ; then\n    # print error to STDERR\n    echo \"error: The sandbox is not in sync with the Podfile.lock. Run 'pod install' or update your CocoaPods installation.\" >&2\n    exit 1\nfi\n# This output is used by Xcode 'outputs' to avoid re-running this script phase.\necho \"SUCCESS\" > \"${SCRIPT_OUTPUT_FILE_0}\"\n";
			showEnvVarsInLog = 0;
		};
		DB26BEA06241EA4E2C55A7C8 /* [CP] Check Pods Manifest.lock */ = {
			isa = PBXShellScriptBuildPhase;
			buildActionMask = 2147483647;
			files = (
			);
			inputFileListPaths = (
			);
			inputPaths = (
				"${PODS_PODFILE_DIR_PATH}/Podfile.lock",
				"${PODS_ROOT}/Manifest.lock",
			);
			name = "[CP] Check Pods Manifest.lock";
			outputFileListPaths = (
			);
			outputPaths = (
				"$(DERIVED_FILE_DIR)/Pods-iInspection-checkManifestLockResult.txt",
			);
			runOnlyForDeploymentPostprocessing = 0;
			shellPath = /bin/sh;
			shellScript = "diff \"${PODS_PODFILE_DIR_PATH}/Podfile.lock\" \"${PODS_ROOT}/Manifest.lock\" > /dev/null\nif [ $? != 0 ] ; then\n    # print error to STDERR\n    echo \"error: The sandbox is not in sync with the Podfile.lock. Run 'pod install' or update your CocoaPods installation.\" >&2\n    exit 1\nfi\n# This output is used by Xcode 'outputs' to avoid re-running this script phase.\necho \"SUCCESS\" > \"${SCRIPT_OUTPUT_FILE_0}\"\n";
			showEnvVarsInLog = 0;
		};
		F38B3F6A12169E842DDD5706 /* [CP] Check Pods Manifest.lock */ = {
			isa = PBXShellScriptBuildPhase;
			buildActionMask = 2147483647;
			files = (
			);
			inputFileListPaths = (
			);
			inputPaths = (
				"${PODS_PODFILE_DIR_PATH}/Podfile.lock",
				"${PODS_ROOT}/Manifest.lock",
			);
			name = "[CP] Check Pods Manifest.lock";
			outputFileListPaths = (
			);
			outputPaths = (
				"$(DERIVED_FILE_DIR)/Pods-iInspectionUITests-checkManifestLockResult.txt",
			);
			runOnlyForDeploymentPostprocessing = 0;
			shellPath = /bin/sh;
			shellScript = "diff \"${PODS_PODFILE_DIR_PATH}/Podfile.lock\" \"${PODS_ROOT}/Manifest.lock\" > /dev/null\nif [ $? != 0 ] ; then\n    # print error to STDERR\n    echo \"error: The sandbox is not in sync with the Podfile.lock. Run 'pod install' or update your CocoaPods installation.\" >&2\n    exit 1\nfi\n# This output is used by Xcode 'outputs' to avoid re-running this script phase.\necho \"SUCCESS\" > \"${SCRIPT_OUTPUT_FILE_0}\"\n";
			showEnvVarsInLog = 0;
		};
/* End PBXShellScriptBuildPhase section */

/* Begin PBXSourcesBuildPhase section */
		E4E8389822BD8DE7008E2415 /* Sources */ = {
			isa = PBXSourcesBuildPhase;
			buildActionMask = 2147483647;
			files = (
				E4E838A222BD8DE7008E2415 /* HomeController.swift in Sources */,
				E45B99B922BD92380099DCF0 /* LoginController.swift in Sources */,
				E4DEBC6922C6F08300CA4071 /* TabBarViewController.swift in Sources */,
				E427580522C71DB000F78C11 /* InspectViewController.swift in Sources */,
				E4C3537722BFFEEB00734604 /* PasswordResetController.swift in Sources */,
				E4E838A022BD8DE7008E2415 /* AppDelegate.swift in Sources */,
				E427580322C70D0F00F78C11 /* Scanner.swift in Sources */,
				E4DEBC6B22C6F94A00CA4071 /* ScannerViewController.swift in Sources */,
			);
			runOnlyForDeploymentPostprocessing = 0;
		};
		E4E838AC22BD8DE8008E2415 /* Sources */ = {
			isa = PBXSourcesBuildPhase;
			buildActionMask = 2147483647;
			files = (
				E4E838B522BD8DE8008E2415 /* iInspectionTests.swift in Sources */,
			);
			runOnlyForDeploymentPostprocessing = 0;
		};
		E4E838B722BD8DE8008E2415 /* Sources */ = {
			isa = PBXSourcesBuildPhase;
			buildActionMask = 2147483647;
			files = (
				E4E838C022BD8DE8008E2415 /* iInspectionUITests.swift in Sources */,
			);
			runOnlyForDeploymentPostprocessing = 0;
		};
/* End PBXSourcesBuildPhase section */

/* Begin PBXTargetDependency section */
		E4E838B222BD8DE8008E2415 /* PBXTargetDependency */ = {
			isa = PBXTargetDependency;
			target = E4E8389B22BD8DE7008E2415 /* iInspection */;
			targetProxy = E4E838B122BD8DE8008E2415 /* PBXContainerItemProxy */;
		};
		E4E838BD22BD8DE8008E2415 /* PBXTargetDependency */ = {
			isa = PBXTargetDependency;
			target = E4E8389B22BD8DE7008E2415 /* iInspection */;
			targetProxy = E4E838BC22BD8DE8008E2415 /* PBXContainerItemProxy */;
		};
/* End PBXTargetDependency section */

/* Begin XCBuildConfiguration section */
		E4E838C222BD8DE8008E2415 /* Debug */ = {
			isa = XCBuildConfiguration;
			buildSettings = {
				ALWAYS_SEARCH_USER_PATHS = NO;
				CLANG_ANALYZER_NONNULL = YES;
				CLANG_ANALYZER_NUMBER_OBJECT_CONVERSION = YES_AGGRESSIVE;
				CLANG_CXX_LANGUAGE_STANDARD = "gnu++14";
				CLANG_CXX_LIBRARY = "libc++";
				CLANG_ENABLE_MODULES = YES;
				CLANG_ENABLE_OBJC_ARC = YES;
				CLANG_ENABLE_OBJC_WEAK = YES;
				CLANG_WARN_BLOCK_CAPTURE_AUTORELEASING = YES;
				CLANG_WARN_BOOL_CONVERSION = YES;
				CLANG_WARN_COMMA = YES;
				CLANG_WARN_CONSTANT_CONVERSION = YES;
				CLANG_WARN_DEPRECATED_OBJC_IMPLEMENTATIONS = YES;
				CLANG_WARN_DIRECT_OBJC_ISA_USAGE = YES_ERROR;
				CLANG_WARN_DOCUMENTATION_COMMENTS = YES;
				CLANG_WARN_EMPTY_BODY = YES;
				CLANG_WARN_ENUM_CONVERSION = YES;
				CLANG_WARN_INFINITE_RECURSION = YES;
				CLANG_WARN_INT_CONVERSION = YES;
				CLANG_WARN_NON_LITERAL_NULL_CONVERSION = YES;
				CLANG_WARN_OBJC_IMPLICIT_RETAIN_SELF = YES;
				CLANG_WARN_OBJC_LITERAL_CONVERSION = YES;
				CLANG_WARN_OBJC_ROOT_CLASS = YES_ERROR;
				CLANG_WARN_RANGE_LOOP_ANALYSIS = YES;
				CLANG_WARN_STRICT_PROTOTYPES = YES;
				CLANG_WARN_SUSPICIOUS_MOVE = YES;
				CLANG_WARN_UNGUARDED_AVAILABILITY = YES_AGGRESSIVE;
				CLANG_WARN_UNREACHABLE_CODE = YES;
				CLANG_WARN__DUPLICATE_METHOD_MATCH = YES;
				CODE_SIGN_IDENTITY = "iPhone Developer";
				COPY_PHASE_STRIP = NO;
				DEBUG_INFORMATION_FORMAT = dwarf;
				ENABLE_STRICT_OBJC_MSGSEND = YES;
				ENABLE_TESTABILITY = YES;
				GCC_C_LANGUAGE_STANDARD = gnu11;
				GCC_DYNAMIC_NO_PIC = NO;
				GCC_NO_COMMON_BLOCKS = YES;
				GCC_OPTIMIZATION_LEVEL = 0;
				GCC_PREPROCESSOR_DEFINITIONS = (
					"DEBUG=1",
					"$(inherited)",
				);
				GCC_WARN_64_TO_32_BIT_CONVERSION = YES;
				GCC_WARN_ABOUT_RETURN_TYPE = YES_ERROR;
				GCC_WARN_UNDECLARED_SELECTOR = YES;
				GCC_WARN_UNINITIALIZED_AUTOS = YES_AGGRESSIVE;
				GCC_WARN_UNUSED_FUNCTION = YES;
				GCC_WARN_UNUSED_VARIABLE = YES;
				IPHONEOS_DEPLOYMENT_TARGET = 12.2;
				MTL_ENABLE_DEBUG_INFO = INCLUDE_SOURCE;
				MTL_FAST_MATH = YES;
				ONLY_ACTIVE_ARCH = YES;
				SDKROOT = iphoneos;
				SWIFT_ACTIVE_COMPILATION_CONDITIONS = DEBUG;
				SWIFT_OPTIMIZATION_LEVEL = "-Onone";
			};
			name = Debug;
		};
		E4E838C322BD8DE8008E2415 /* Release */ = {
			isa = XCBuildConfiguration;
			buildSettings = {
				ALWAYS_SEARCH_USER_PATHS = NO;
				CLANG_ANALYZER_NONNULL = YES;
				CLANG_ANALYZER_NUMBER_OBJECT_CONVERSION = YES_AGGRESSIVE;
				CLANG_CXX_LANGUAGE_STANDARD = "gnu++14";
				CLANG_CXX_LIBRARY = "libc++";
				CLANG_ENABLE_MODULES = YES;
				CLANG_ENABLE_OBJC_ARC = YES;
				CLANG_ENABLE_OBJC_WEAK = YES;
				CLANG_WARN_BLOCK_CAPTURE_AUTORELEASING = YES;
				CLANG_WARN_BOOL_CONVERSION = YES;
				CLANG_WARN_COMMA = YES;
				CLANG_WARN_CONSTANT_CONVERSION = YES;
				CLANG_WARN_DEPRECATED_OBJC_IMPLEMENTATIONS = YES;
				CLANG_WARN_DIRECT_OBJC_ISA_USAGE = YES_ERROR;
				CLANG_WARN_DOCUMENTATION_COMMENTS = YES;
				CLANG_WARN_EMPTY_BODY = YES;
				CLANG_WARN_ENUM_CONVERSION = YES;
				CLANG_WARN_INFINITE_RECURSION = YES;
				CLANG_WARN_INT_CONVERSION = YES;
				CLANG_WARN_NON_LITERAL_NULL_CONVERSION = YES;
				CLANG_WARN_OBJC_IMPLICIT_RETAIN_SELF = YES;
				CLANG_WARN_OBJC_LITERAL_CONVERSION = YES;
				CLANG_WARN_OBJC_ROOT_CLASS = YES_ERROR;
				CLANG_WARN_RANGE_LOOP_ANALYSIS = YES;
				CLANG_WARN_STRICT_PROTOTYPES = YES;
				CLANG_WARN_SUSPICIOUS_MOVE = YES;
				CLANG_WARN_UNGUARDED_AVAILABILITY = YES_AGGRESSIVE;
				CLANG_WARN_UNREACHABLE_CODE = YES;
				CLANG_WARN__DUPLICATE_METHOD_MATCH = YES;
				CODE_SIGN_IDENTITY = "iPhone Developer";
				COPY_PHASE_STRIP = NO;
				DEBUG_INFORMATION_FORMAT = "dwarf-with-dsym";
				ENABLE_NS_ASSERTIONS = NO;
				ENABLE_STRICT_OBJC_MSGSEND = YES;
				GCC_C_LANGUAGE_STANDARD = gnu11;
				GCC_NO_COMMON_BLOCKS = YES;
				GCC_WARN_64_TO_32_BIT_CONVERSION = YES;
				GCC_WARN_ABOUT_RETURN_TYPE = YES_ERROR;
				GCC_WARN_UNDECLARED_SELECTOR = YES;
				GCC_WARN_UNINITIALIZED_AUTOS = YES_AGGRESSIVE;
				GCC_WARN_UNUSED_FUNCTION = YES;
				GCC_WARN_UNUSED_VARIABLE = YES;
				IPHONEOS_DEPLOYMENT_TARGET = 12.2;
				MTL_ENABLE_DEBUG_INFO = NO;
				MTL_FAST_MATH = YES;
				SDKROOT = iphoneos;
				SWIFT_COMPILATION_MODE = wholemodule;
				SWIFT_OPTIMIZATION_LEVEL = "-O";
				VALIDATE_PRODUCT = YES;
			};
			name = Release;
		};
		E4E838C522BD8DE8008E2415 /* Debug */ = {
			isa = XCBuildConfiguration;
			baseConfigurationReference = 84AF71818481DC12A96EDB55 /* Pods-iInspection.debug.xcconfig */;
			buildSettings = {
				ASSETCATALOG_COMPILER_APPICON_NAME = AppIcon;
				CODE_SIGN_STYLE = Automatic;
				DEVELOPMENT_TEAM = U5NU89WZH3;
				INFOPLIST_FILE = iInspection/Info.plist;
				LD_RUNPATH_SEARCH_PATHS = (
					"$(inherited)",
					"@executable_path/Frameworks",
				);
				PRODUCT_BUNDLE_IDENTIFIER = CohenPlontke.iInspection;
				PRODUCT_NAME = "$(TARGET_NAME)";
				SWIFT_VERSION = 5.0;
				TARGETED_DEVICE_FAMILY = "1,2";
			};
			name = Debug;
		};
		E4E838C622BD8DE8008E2415 /* Release */ = {
			isa = XCBuildConfiguration;
			baseConfigurationReference = 03BAC1900ED9A8C2A030450C /* Pods-iInspection.release.xcconfig */;
			buildSettings = {
				ASSETCATALOG_COMPILER_APPICON_NAME = AppIcon;
				CODE_SIGN_STYLE = Automatic;
				DEVELOPMENT_TEAM = U5NU89WZH3;
				INFOPLIST_FILE = iInspection/Info.plist;
				LD_RUNPATH_SEARCH_PATHS = (
					"$(inherited)",
					"@executable_path/Frameworks",
				);
				PRODUCT_BUNDLE_IDENTIFIER = CohenPlontke.iInspection;
				PRODUCT_NAME = "$(TARGET_NAME)";
				SWIFT_VERSION = 5.0;
				TARGETED_DEVICE_FAMILY = "1,2";
			};
			name = Release;
		};
		E4E838C822BD8DE8008E2415 /* Debug */ = {
			isa = XCBuildConfiguration;
			baseConfigurationReference = 1EB6DB0FE2287E774C3DFC98 /* Pods-iInspectionTests.debug.xcconfig */;
			buildSettings = {
				ALWAYS_EMBED_SWIFT_STANDARD_LIBRARIES = YES;
				BUNDLE_LOADER = "$(TEST_HOST)";
				CODE_SIGN_STYLE = Automatic;
				DEVELOPMENT_TEAM = U5NU89WZH3;
				INFOPLIST_FILE = iInspectionTests/Info.plist;
				LD_RUNPATH_SEARCH_PATHS = (
					"$(inherited)",
					"@executable_path/Frameworks",
					"@loader_path/Frameworks",
				);
				PRODUCT_BUNDLE_IDENTIFIER = CohenPlontke.iInspectionTests;
				PRODUCT_NAME = "$(TARGET_NAME)";
				SWIFT_VERSION = 5.0;
				TARGETED_DEVICE_FAMILY = "1,2";
				TEST_HOST = "$(BUILT_PRODUCTS_DIR)/iInspection.app/iInspection";
			};
			name = Debug;
		};
		E4E838C922BD8DE8008E2415 /* Release */ = {
			isa = XCBuildConfiguration;
			baseConfigurationReference = 158C1B014F0270E1D3766492 /* Pods-iInspectionTests.release.xcconfig */;
			buildSettings = {
				ALWAYS_EMBED_SWIFT_STANDARD_LIBRARIES = YES;
				BUNDLE_LOADER = "$(TEST_HOST)";
				CODE_SIGN_STYLE = Automatic;
				DEVELOPMENT_TEAM = U5NU89WZH3;
				INFOPLIST_FILE = iInspectionTests/Info.plist;
				LD_RUNPATH_SEARCH_PATHS = (
					"$(inherited)",
					"@executable_path/Frameworks",
					"@loader_path/Frameworks",
				);
				PRODUCT_BUNDLE_IDENTIFIER = CohenPlontke.iInspectionTests;
				PRODUCT_NAME = "$(TARGET_NAME)";
				SWIFT_VERSION = 5.0;
				TARGETED_DEVICE_FAMILY = "1,2";
				TEST_HOST = "$(BUILT_PRODUCTS_DIR)/iInspection.app/iInspection";
			};
			name = Release;
		};
		E4E838CB22BD8DE8008E2415 /* Debug */ = {
			isa = XCBuildConfiguration;
			baseConfigurationReference = 00670FA87C337DC147ED49DA /* Pods-iInspectionUITests.debug.xcconfig */;
			buildSettings = {
				ALWAYS_EMBED_SWIFT_STANDARD_LIBRARIES = YES;
				CODE_SIGN_STYLE = Automatic;
				DEVELOPMENT_TEAM = U5NU89WZH3;
				INFOPLIST_FILE = iInspectionUITests/Info.plist;
				LD_RUNPATH_SEARCH_PATHS = (
					"$(inherited)",
					"@executable_path/Frameworks",
					"@loader_path/Frameworks",
				);
				PRODUCT_BUNDLE_IDENTIFIER = CohenPlontke.iInspectionUITests;
				PRODUCT_NAME = "$(TARGET_NAME)";
				SWIFT_VERSION = 5.0;
				TARGETED_DEVICE_FAMILY = "1,2";
				TEST_TARGET_NAME = iInspection;
			};
			name = Debug;
		};
		E4E838CC22BD8DE8008E2415 /* Release */ = {
			isa = XCBuildConfiguration;
			baseConfigurationReference = 5908777C3878E4D0D1A8EA52 /* Pods-iInspectionUITests.release.xcconfig */;
			buildSettings = {
				ALWAYS_EMBED_SWIFT_STANDARD_LIBRARIES = YES;
				CODE_SIGN_STYLE = Automatic;
				DEVELOPMENT_TEAM = U5NU89WZH3;
				INFOPLIST_FILE = iInspectionUITests/Info.plist;
				LD_RUNPATH_SEARCH_PATHS = (
					"$(inherited)",
					"@executable_path/Frameworks",
					"@loader_path/Frameworks",
				);
				PRODUCT_BUNDLE_IDENTIFIER = CohenPlontke.iInspectionUITests;
				PRODUCT_NAME = "$(TARGET_NAME)";
				SWIFT_VERSION = 5.0;
				TARGETED_DEVICE_FAMILY = "1,2";
				TEST_TARGET_NAME = iInspection;
			};
			name = Release;
		};
/* End XCBuildConfiguration section */

/* Begin XCConfigurationList section */
		E4E8389722BD8DE7008E2415 /* Build configuration list for PBXProject "iInspection" */ = {
			isa = XCConfigurationList;
			buildConfigurations = (
				E4E838C222BD8DE8008E2415 /* Debug */,
				E4E838C322BD8DE8008E2415 /* Release */,
			);
			defaultConfigurationIsVisible = 0;
			defaultConfigurationName = Release;
		};
		E4E838C422BD8DE8008E2415 /* Build configuration list for PBXNativeTarget "iInspection" */ = {
			isa = XCConfigurationList;
			buildConfigurations = (
				E4E838C522BD8DE8008E2415 /* Debug */,
				E4E838C622BD8DE8008E2415 /* Release */,
			);
			defaultConfigurationIsVisible = 0;
			defaultConfigurationName = Release;
		};
		E4E838C722BD8DE8008E2415 /* Build configuration list for PBXNativeTarget "iInspectionTests" */ = {
			isa = XCConfigurationList;
			buildConfigurations = (
				E4E838C822BD8DE8008E2415 /* Debug */,
				E4E838C922BD8DE8008E2415 /* Release */,
			);
			defaultConfigurationIsVisible = 0;
			defaultConfigurationName = Release;
		};
		E4E838CA22BD8DE8008E2415 /* Build configuration list for PBXNativeTarget "iInspectionUITests" */ = {
			isa = XCConfigurationList;
			buildConfigurations = (
				E4E838CB22BD8DE8008E2415 /* Debug */,
				E4E838CC22BD8DE8008E2415 /* Release */,
			);
			defaultConfigurationIsVisible = 0;
			defaultConfigurationName = Release;
		};
/* End XCConfigurationList section */
	};
	rootObject = E4E8389422BD8DE7008E2415 /* Project object */;
}
